
Microsoft Visual Studio Solution File, Format Version 12.00
# Visual Studio Version 17
VisualStudioVersion = 17.2.32630.192
MinimumVisualStudioVersion = 10.0.40219.1
Project("{FAE04EC0-301F-11D3-BF4B-00C04F79EFBC}") = "OnlineShoppingWeb", "OnlineShoppingWeb\OnlineShoppingWeb.csproj", "{20FC52EB-8760-4F35-9599-6606D83CD627}"
EndProject
Project("{FAE04EC0-301F-11D3-BF4B-00C04F79EFBC}") = "TestWeb", "TestWeb\TestWeb.csproj", "{C0044205-8733-4586-8A60-F5283BB3A531}"
EndProject
Global
	GlobalSection(SolutionConfigurationPlatforms) = preSolution
		Debug|Any CPU = Debug|Any CPU
		Release|Any CPU = Release|Any CPU
	EndGlobalSection
	GlobalSection(ProjectConfigurationPlatforms) = postSolution
		{20FC52EB-8760-4F35-9599-6606D83CD627}.Debug|Any CPU.ActiveCfg = Debug|Any CPU
		{20FC52EB-8760-4F35-9599-6606D83CD627}.Debug|Any CPU.Build.0 = Debug|Any CPU
		{20FC52EB-8760-4F35-9599-6606D83CD627}.Release|Any CPU.ActiveCfg = Release|Any CPU
		{20FC52EB-8760-4F35-9599-6606D83CD627}.Release|Any CPU.Build.0 = Release|Any CPU
		{C0044205-8733-4586-8A60-F5283BB3A531}.Debug|Any CPU.ActiveCfg = Debug|Any CPU
		{C0044205-8733-4586-8A60-F5283BB3A531}.Debug|Any CPU.Build.0 = Debug|Any CPU
		{C0044205-8733-4586-8A60-F5283BB3A531}.Release|Any CPU.ActiveCfg = Release|Any CPU
		{C0044205-8733-4586-8A60-F5283BB3A531}.Release|Any CPU.Build.0 = Release|Any CPU
	EndGlobalSection
	GlobalSection(SolutionProperties) = preSolution
		HideSolutionNode = FALSE
	EndGlobalSection
	GlobalSection(ExtensibilityGlobals) = postSolution
		SolutionGuid = {CCBE69E9-38EE-4E41-B939-5194E32F2673}
	EndGlobalSection
EndGlobal
